
Microsoft Visual Studio Solution File, Format Version 12.00
# Visual Studio Version 17
VisualStudioVersion = 17.9.34622.214
MinimumVisualStudioVersion = 10.0.40219.1
Project("{9A19103F-16F7-4668-BE54-9A1E7A4F7556}") = "Universite", "Universite.csproj", "{01C2E794-E12D-4813-BA77-B0A5B29674FE}"
EndProject
Global
	GlobalSection(SolutionConfigurationPlatforms) = preSolution
		Debug|Any CPU = Debug|Any CPU
		Release|Any CPU = Release|Any CPU
	EndGlobalSection
	GlobalSection(ProjectConfigurationPlatforms) = postSolution
		{01C2E794-E12D-4813-BA77-B0A5B29674FE}.Debug|Any CPU.ActiveCfg = Debug|Any CPU
		{01C2E794-E12D-4813-BA77-B0A5B29674FE}.Debug|Any CPU.Build.0 = Debug|Any CPU
		{01C2E794-E12D-4813-BA77-B0A5B29674FE}.Release|Any CPU.ActiveCfg = Release|Any CPU
		{01C2E794-E12D-4813-BA77-B0A5B29674FE}.Release|Any CPU.Build.0 = Release|Any CPU
	EndGlobalSection
	GlobalSection(SolutionProperties) = preSolution
		HideSolutionNode = FALSE
	EndGlobalSection
	GlobalSection(ExtensibilityGlobals) = postSolution
		SolutionGuid = {1FEDB1E5-CAF2-4E69-B8EF-BF4CE1D718DD}
	EndGlobalSection
EndGlobal
